
Microsoft Visual Studio Solution File, Format Version 12.00
# Visual Studio 15
VisualStudioVersion = 15.0.27130.2036
MinimumVisualStudioVersion = 10.0.40219.1
Project("{2150E333-8FDC-42A3-9474-1A3956D46DE8}") = ".build", ".build", "{96C56CB6-637D-4C10-A857-27B446B03887}"
	ProjectSection(SolutionItems) = preProject
		build.cake = build.cake
		build.ps1 = build.ps1
		build.sh = build.sh
	EndProjectSection
EndProject
Project("{2150E333-8FDC-42A3-9474-1A3956D46DE8}") = ".nuget", ".nuget", "{B23D4FD8-C9E2-4CFC-9ADA-8D432E51F831}"
	ProjectSection(SolutionItems) = preProject
		.nuget\CircleButtonMenu.nuspec = .nuget\CircleButtonMenu.nuspec
		.nuget\NuGet.config = .nuget\NuGet.config
		.nuget\README.md = .nuget\README.md
	EndProjectSection
EndProject
Project("{9A19103F-16F7-4668-BE54-9A1E7A4F7556}") = "CircleButtonMenu.Abstractions", "src\CircleButtonMenu.Abstractions\CircleButtonMenu.Abstractions.csproj", "{A8F865F8-1B35-4F95-883C-E4C51BF5C6C6}"
EndProject
Project("{FAE04EC0-301F-11D3-BF4B-00C04F79EFBC}") = "CircleButtonMenu.iOS", "src\CircleButtonMenu.iOS\CircleButtonMenu.iOS.csproj", "{3EA4E5D9-5159-4108-B5A9-81289E4BBBDF}"
EndProject
Project("{FAE04EC0-301F-11D3-BF4B-00C04F79EFBC}") = "CircleButtonMenu.Android", "src\CircleButtonMenu.Android\CircleButtonMenu.Android.csproj", "{79ED4893-163D-4F5B-B160-7470D2383B38}"
EndProject
Project("{2150E333-8FDC-42A3-9474-1A3956D46DE8}") = "sample", "sample", "{96DD2B83-2ECD-4582-9A64-F35B1AA7FF4A}"
EndProject
Project("{FAE04EC0-301F-11D3-BF4B-00C04F79EFBC}") = "CircleButtonMenuSample.Android", "sample\CircleButtonMenuSample\CircleButtonMenuSample.Android\CircleButtonMenuSample.Android.csproj", "{AE534CD6-E3E3-46F7-A424-5FD1C52910FF}"
EndProject
Project("{FAE04EC0-301F-11D3-BF4B-00C04F79EFBC}") = "CircleButtonMenuSample.iOS", "sample\CircleButtonMenuSample\CircleButtonMenuSample.iOS\CircleButtonMenuSample.iOS.csproj", "{F31A3F42-A298-4140-8FE5-C92D38AEDCE4}"
EndProject
Project("{FAE04EC0-301F-11D3-BF4B-00C04F79EFBC}") = "CircleButtonMenuSample", "sample\CircleButtonMenuSample\CircleButtonMenuSample\CircleButtonMenuSample.csproj", "{60B288E6-B4CD-4789-965F-EA2EABEC3275}"
EndProject
Global
	GlobalSection(SolutionConfigurationPlatforms) = preSolution
		Ad-Hoc|Any CPU = Ad-Hoc|Any CPU
		Ad-Hoc|iPhone = Ad-Hoc|iPhone
		Ad-Hoc|iPhoneSimulator = Ad-Hoc|iPhoneSimulator
		AppStore|Any CPU = AppStore|Any CPU
		AppStore|iPhone = AppStore|iPhone
		AppStore|iPhoneSimulator = AppStore|iPhoneSimulator
		Debug|Any CPU = Debug|Any CPU
		Debug|iPhone = Debug|iPhone
		Debug|iPhoneSimulator = Debug|iPhoneSimulator
		Release|Any CPU = Release|Any CPU
		Release|iPhone = Release|iPhone
		Release|iPhoneSimulator = Release|iPhoneSimulator
	EndGlobalSection
	GlobalSection(ProjectConfigurationPlatforms) = postSolution
		{A8F865F8-1B35-4F95-883C-E4C51BF5C6C6}.Ad-Hoc|Any CPU.ActiveCfg = Release|Any CPU
		{A8F865F8-1B35-4F95-883C-E4C51BF5C6C6}.Ad-Hoc|Any CPU.Build.0 = Release|Any CPU
		{A8F865F8-1B35-4F95-883C-E4C51BF5C6C6}.Ad-Hoc|iPhone.ActiveCfg = Release|Any CPU
		{A8F865F8-1B35-4F95-883C-E4C51BF5C6C6}.Ad-Hoc|iPhone.Build.0 = Release|Any CPU
		{A8F865F8-1B35-4F95-883C-E4C51BF5C6C6}.Ad-Hoc|iPhoneSimulator.ActiveCfg = Release|Any CPU
		{A8F865F8-1B35-4F95-883C-E4C51BF5C6C6}.Ad-Hoc|iPhoneSimulator.Build.0 = Release|Any CPU
		{A8F865F8-1B35-4F95-883C-E4C51BF5C6C6}.AppStore|Any CPU.ActiveCfg = Release|Any CPU
		{A8F865F8-1B35-4F95-883C-E4C51BF5C6C6}.AppStore|Any CPU.Build.0 = Release|Any CPU
		{A8F865F8-1B35-4F95-883C-E4C51BF5C6C6}.AppStore|iPhone.ActiveCfg = Release|Any CPU
		{A8F865F8-1B35-4F95-883C-E4C51BF5C6C6}.AppStore|iPhone.Build.0 = Release|Any CPU
		{A8F865F8-1B35-4F95-883C-E4C51BF5C6C6}.AppStore|iPhoneSimulator.ActiveCfg = Release|Any CPU
		{A8F865F8-1B35-4F95-883C-E4C51BF5C6C6}.AppStore|iPhoneSimulator.Build.0 = Release|Any CPU
		{A8F865F8-1B35-4F95-883C-E4C51BF5C6C6}.Debug|Any CPU.ActiveCfg = Debug|Any CPU
		{A8F865F8-1B35-4F95-883C-E4C51BF5C6C6}.Debug|Any CPU.Build.0 = Debug|Any CPU
		{A8F865F8-1B35-4F95-883C-E4C51BF5C6C6}.Debug|iPhone.ActiveCfg = Debug|Any CPU
		{A8F865F8-1B35-4F95-883C-E4C51BF5C6C6}.Debug|iPhone.Build.0 = Debug|Any CPU
		{A8F865F8-1B35-4F95-883C-E4C51BF5C6C6}.Debug|iPhoneSimulator.ActiveCfg = Debug|Any CPU
		{A8F865F8-1B35-4F95-883C-E4C51BF5C6C6}.Debug|iPhoneSimulator.Build.0 = Debug|Any CPU
		{A8F865F8-1B35-4F95-883C-E4C51BF5C6C6}.Release|Any CPU.ActiveCfg = Release|Any CPU
		{A8F865F8-1B35-4F95-883C-E4C51BF5C6C6}.Release|Any CPU.Build.0 = Release|Any CPU
		{A8F865F8-1B35-4F95-883C-E4C51BF5C6C6}.Release|iPhone.ActiveCfg = Release|Any CPU
		{A8F865F8-1B35-4F95-883C-E4C51BF5C6C6}.Release|iPhone.Build.0 = Release|Any CPU
		{A8F865F8-1B35-4F95-883C-E4C51BF5C6C6}.Release|iPhoneSimulator.ActiveCfg = Release|Any CPU
		{A8F865F8-1B35-4F95-883C-E4C51BF5C6C6}.Release|iPhoneSimulator.Build.0 = Release|Any CPU
		{3EA4E5D9-5159-4108-B5A9-81289E4BBBDF}.Ad-Hoc|Any CPU.ActiveCfg = Release|Any CPU
		{3EA4E5D9-5159-4108-B5A9-81289E4BBBDF}.Ad-Hoc|Any CPU.Build.0 = Release|Any CPU
		{3EA4E5D9-5159-4108-B5A9-81289E4BBBDF}.Ad-Hoc|iPhone.ActiveCfg = Release|Any CPU
		{3EA4E5D9-5159-4108-B5A9-81289E4BBBDF}.Ad-Hoc|iPhone.Build.0 = Release|Any CPU
		{3EA4E5D9-5159-4108-B5A9-81289E4BBBDF}.Ad-Hoc|iPhoneSimulator.ActiveCfg = Release|Any CPU
		{3EA4E5D9-5159-4108-B5A9-81289E4BBBDF}.Ad-Hoc|iPhoneSimulator.Build.0 = Release|Any CPU
		{3EA4E5D9-5159-4108-B5A9-81289E4BBBDF}.AppStore|Any CPU.ActiveCfg = Release|Any CPU
		{3EA4E5D9-5159-4108-B5A9-81289E4BBBDF}.AppStore|Any CPU.Build.0 = Release|Any CPU
		{3EA4E5D9-5159-4108-B5A9-81289E4BBBDF}.AppStore|iPhone.ActiveCfg = Release|Any CPU
		{3EA4E5D9-5159-4108-B5A9-81289E4BBBDF}.AppStore|iPhone.Build.0 = Release|Any CPU
		{3EA4E5D9-5159-4108-B5A9-81289E4BBBDF}.AppStore|iPhoneSimulator.ActiveCfg = Release|Any CPU
		{3EA4E5D9-5159-4108-B5A9-81289E4BBBDF}.AppStore|iPhoneSimulator.Build.0 = Release|Any CPU
		{3EA4E5D9-5159-4108-B5A9-81289E4BBBDF}.Debug|Any CPU.ActiveCfg = Debug|Any CPU
		{3EA4E5D9-5159-4108-B5A9-81289E4BBBDF}.Debug|Any CPU.Build.0 = Debug|Any CPU
		{3EA4E5D9-5159-4108-B5A9-81289E4BBBDF}.Debug|iPhone.ActiveCfg = Debug|Any CPU
		{3EA4E5D9-5159-4108-B5A9-81289E4BBBDF}.Debug|iPhone.Build.0 = Debug|Any CPU
		{3EA4E5D9-5159-4108-B5A9-81289E4BBBDF}.Debug|iPhoneSimulator.ActiveCfg = Debug|Any CPU
		{3EA4E5D9-5159-4108-B5A9-81289E4BBBDF}.Debug|iPhoneSimulator.Build.0 = Debug|Any CPU
		{3EA4E5D9-5159-4108-B5A9-81289E4BBBDF}.Release|Any CPU.ActiveCfg = Release|Any CPU
		{3EA4E5D9-5159-4108-B5A9-81289E4BBBDF}.Release|Any CPU.Build.0 = Release|Any CPU
		{3EA4E5D9-5159-4108-B5A9-81289E4BBBDF}.Release|iPhone.ActiveCfg = Release|Any CPU
		{3EA4E5D9-5159-4108-B5A9-81289E4BBBDF}.Release|iPhone.Build.0 = Release|Any CPU
		{3EA4E5D9-5159-4108-B5A9-81289E4BBBDF}.Release|iPhoneSimulator.ActiveCfg = Release|Any CPU
		{3EA4E5D9-5159-4108-B5A9-81289E4BBBDF}.Release|iPhoneSimulator.Build.0 = Release|Any CPU
		{79ED4893-163D-4F5B-B160-7470D2383B38}.Ad-Hoc|Any CPU.ActiveCfg = Release|Any CPU
		{79ED4893-163D-4F5B-B160-7470D2383B38}.Ad-Hoc|Any CPU.Build.0 = Release|Any CPU
		{79ED4893-163D-4F5B-B160-7470D2383B38}.Ad-Hoc|iPhone.ActiveCfg = Release|Any CPU
		{79ED4893-163D-4F5B-B160-7470D2383B38}.Ad-Hoc|iPhone.Build.0 = Release|Any CPU
		{79ED4893-163D-4F5B-B160-7470D2383B38}.Ad-Hoc|iPhoneSimulator.ActiveCfg = Release|Any CPU
		{79ED4893-163D-4F5B-B160-7470D2383B38}.Ad-Hoc|iPhoneSimulator.Build.0 = Release|Any CPU
		{79ED4893-163D-4F5B-B160-7470D2383B38}.AppStore|Any CPU.ActiveCfg = Release|Any CPU
		{79ED4893-163D-4F5B-B160-7470D2383B38}.AppStore|Any CPU.Build.0 = Release|Any CPU
		{79ED4893-163D-4F5B-B160-7470D2383B38}.AppStore|iPhone.ActiveCfg = Release|Any CPU
		{79ED4893-163D-4F5B-B160-7470D2383B38}.AppStore|iPhone.Build.0 = Release|Any CPU
		{79ED4893-163D-4F5B-B160-7470D2383B38}.AppStore|iPhoneSimulator.ActiveCfg = Release|Any CPU
		{79ED4893-163D-4F5B-B160-7470D2383B38}.AppStore|iPhoneSimulator.Build.0 = Release|Any CPU
		{79ED4893-163D-4F5B-B160-7470D2383B38}.Debug|Any CPU.ActiveCfg = Debug|Any CPU
		{79ED4893-163D-4F5B-B160-7470D2383B38}.Debug|Any CPU.Build.0 = Debug|Any CPU
		{79ED4893-163D-4F5B-B160-7470D2383B38}.Debug|iPhone.ActiveCfg = Debug|Any CPU
		{79ED4893-163D-4F5B-B160-7470D2383B38}.Debug|iPhone.Build.0 = Debug|Any CPU
		{79ED4893-163D-4F5B-B160-7470D2383B38}.Debug|iPhoneSimulator.ActiveCfg = Debug|Any CPU
		{79ED4893-163D-4F5B-B160-7470D2383B38}.Debug|iPhoneSimulator.Build.0 = Debug|Any CPU
		{79ED4893-163D-4F5B-B160-7470D2383B38}.Release|Any CPU.ActiveCfg = Release|Any CPU
		{79ED4893-163D-4F5B-B160-7470D2383B38}.Release|Any CPU.Build.0 = Release|Any CPU
		{79ED4893-163D-4F5B-B160-7470D2383B38}.Release|iPhone.ActiveCfg = Release|Any CPU
		{79ED4893-163D-4F5B-B160-7470D2383B38}.Release|iPhone.Build.0 = Release|Any CPU
		{79ED4893-163D-4F5B-B160-7470D2383B38}.Release|iPhoneSimulator.ActiveCfg = Release|Any CPU
		{79ED4893-163D-4F5B-B160-7470D2383B38}.Release|iPhoneSimulator.Build.0 = Release|Any CPU
		{AE534CD6-E3E3-46F7-A424-5FD1C52910FF}.Ad-Hoc|Any CPU.ActiveCfg = Release|Any CPU
		{AE534CD6-E3E3-46F7-A424-5FD1C52910FF}.Ad-Hoc|Any CPU.Build.0 = Release|Any CPU
		{AE534CD6-E3E3-46F7-A424-5FD1C52910FF}.Ad-Hoc|Any CPU.Deploy.0 = Release|Any CPU
		{AE534CD6-E3E3-46F7-A424-5FD1C52910FF}.Ad-Hoc|iPhone.ActiveCfg = Release|Any CPU
		{AE534CD6-E3E3-46F7-A424-5FD1C52910FF}.Ad-Hoc|iPhone.Build.0 = Release|Any CPU
		{AE534CD6-E3E3-46F7-A424-5FD1C52910FF}.Ad-Hoc|iPhone.Deploy.0 = Release|Any CPU
		{AE534CD6-E3E3-46F7-A424-5FD1C52910FF}.Ad-Hoc|iPhoneSimulator.ActiveCfg = Release|Any CPU
		{AE534CD6-E3E3-46F7-A424-5FD1C52910FF}.Ad-Hoc|iPhoneSimulator.Build.0 = Release|Any CPU
		{AE534CD6-E3E3-46F7-A424-5FD1C52910FF}.Ad-Hoc|iPhoneSimulator.Deploy.0 = Release|Any CPU
		{AE534CD6-E3E3-46F7-A424-5FD1C52910FF}.AppStore|Any CPU.ActiveCfg = Release|Any CPU
		{AE534CD6-E3E3-46F7-A424-5FD1C52910FF}.AppStore|Any CPU.Build.0 = Release|Any CPU
		{AE534CD6-E3E3-46F7-A424-5FD1C52910FF}.AppStore|Any CPU.Deploy.0 = Release|Any CPU
		{AE534CD6-E3E3-46F7-A424-5FD1C52910FF}.AppStore|iPhone.ActiveCfg = Release|Any CPU
		{AE534CD6-E3E3-46F7-A424-5FD1C52910FF}.AppStore|iPhone.Build.0 = Release|Any CPU
		{AE534CD6-E3E3-46F7-A424-5FD1C52910FF}.AppStore|iPhone.Deploy.0 = Release|Any CPU
		{AE534CD6-E3E3-46F7-A424-5FD1C52910FF}.AppStore|iPhoneSimulator.ActiveCfg = Release|Any CPU
		{AE534CD6-E3E3-46F7-A424-5FD1C52910FF}.AppStore|iPhoneSimulator.Build.0 = Release|Any CPU
		{AE534CD6-E3E3-46F7-A424-5FD1C52910FF}.AppStore|iPhoneSimulator.Deploy.0 = Release|Any CPU
		{AE534CD6-E3E3-46F7-A424-5FD1C52910FF}.Debug|Any CPU.ActiveCfg = Debug|Any CPU
		{AE534CD6-E3E3-46F7-A424-5FD1C52910FF}.Debug|Any CPU.Build.0 = Debug|Any CPU
		{AE534CD6-E3E3-46F7-A424-5FD1C52910FF}.Debug|Any CPU.Deploy.0 = Debug|Any CPU
		{AE534CD6-E3E3-46F7-A424-5FD1C52910FF}.Debug|iPhone.ActiveCfg = Debug|Any CPU
		{AE534CD6-E3E3-46F7-A424-5FD1C52910FF}.Debug|iPhone.Build.0 = Debug|Any CPU
		{AE534CD6-E3E3-46F7-A424-5FD1C52910FF}.Debug|iPhone.Deploy.0 = Debug|Any CPU
		{AE534CD6-E3E3-46F7-A424-5FD1C52910FF}.Debug|iPhoneSimulator.ActiveCfg = Debug|Any CPU
		{AE534CD6-E3E3-46F7-A424-5FD1C52910FF}.Debug|iPhoneSimulator.Build.0 = Debug|Any CPU
		{AE534CD6-E3E3-46F7-A424-5FD1C52910FF}.Debug|iPhoneSimulator.Deploy.0 = Debug|Any CPU
		{AE534CD6-E3E3-46F7-A424-5FD1C52910FF}.Release|Any CPU.ActiveCfg = Release|Any CPU
		{AE534CD6-E3E3-46F7-A424-5FD1C52910FF}.Release|Any CPU.Build.0 = Release|Any CPU
		{AE534CD6-E3E3-46F7-A424-5FD1C52910FF}.Release|Any CPU.Deploy.0 = Release|Any CPU
		{AE534CD6-E3E3-46F7-A424-5FD1C52910FF}.Release|iPhone.ActiveCfg = Release|Any CPU
		{AE534CD6-E3E3-46F7-A424-5FD1C52910FF}.Release|iPhone.Build.0 = Release|Any CPU
		{AE534CD6-E3E3-46F7-A424-5FD1C52910FF}.Release|iPhone.Deploy.0 = Release|Any CPU
		{AE534CD6-E3E3-46F7-A424-5FD1C52910FF}.Release|iPhoneSimulator.ActiveCfg = Release|Any CPU
		{AE534CD6-E3E3-46F7-A424-5FD1C52910FF}.Release|iPhoneSimulator.Build.0 = Release|Any CPU
		{AE534CD6-E3E3-46F7-A424-5FD1C52910FF}.Release|iPhoneSimulator.Deploy.0 = Release|Any CPU
		{F31A3F42-A298-4140-8FE5-C92D38AEDCE4}.Ad-Hoc|Any CPU.ActiveCfg = Ad-Hoc|iPhone
		{F31A3F42-A298-4140-8FE5-C92D38AEDCE4}.Ad-Hoc|iPhone.ActiveCfg = Ad-Hoc|iPhone
		{F31A3F42-A298-4140-8FE5-C92D38AEDCE4}.Ad-Hoc|iPhone.Build.0 = Ad-Hoc|iPhone
		{F31A3F42-A298-4140-8FE5-C92D38AEDCE4}.Ad-Hoc|iPhoneSimulator.ActiveCfg = Ad-Hoc|iPhoneSimulator
		{F31A3F42-A298-4140-8FE5-C92D38AEDCE4}.Ad-Hoc|iPhoneSimulator.Build.0 = Ad-Hoc|iPhoneSimulator
		{F31A3F42-A298-4140-8FE5-C92D38AEDCE4}.AppStore|Any CPU.ActiveCfg = AppStore|iPhone
		{F31A3F42-A298-4140-8FE5-C92D38AEDCE4}.AppStore|iPhone.ActiveCfg = AppStore|iPhone
		{F31A3F42-A298-4140-8FE5-C92D38AEDCE4}.AppStore|iPhone.Build.0 = AppStore|iPhone
		{F31A3F42-A298-4140-8FE5-C92D38AEDCE4}.AppStore|iPhoneSimulator.ActiveCfg = AppStore|iPhoneSimulator
		{F31A3F42-A298-4140-8FE5-C92D38AEDCE4}.AppStore|iPhoneSimulator.Build.0 = AppStore|iPhoneSimulator
		{F31A3F42-A298-4140-8FE5-C92D38AEDCE4}.Debug|Any CPU.ActiveCfg = Debug|iPhone
		{F31A3F42-A298-4140-8FE5-C92D38AEDCE4}.Debug|iPhone.ActiveCfg = Debug|iPhone
		{F31A3F42-A298-4140-8FE5-C92D38AEDCE4}.Debug|iPhone.Build.0 = Debug|iPhone
		{F31A3F42-A298-4140-8FE5-C92D38AEDCE4}.Debug|iPhoneSimulator.ActiveCfg = Debug|iPhoneSimulator
		{F31A3F42-A298-4140-8FE5-C92D38AEDCE4}.Debug|iPhoneSimulator.Build.0 = Debug|iPhoneSimulator
		{F31A3F42-A298-4140-8FE5-C92D38AEDCE4}.Release|Any CPU.ActiveCfg = Release|iPhone
		{F31A3F42-A298-4140-8FE5-C92D38AEDCE4}.Release|iPhone.ActiveCfg = Release|iPhone
		{F31A3F42-A298-4140-8FE5-C92D38AEDCE4}.Release|iPhone.Build.0 = Release|iPhone
		{F31A3F42-A298-4140-8FE5-C92D38AEDCE4}.Release|iPhoneSimulator.ActiveCfg = Release|iPhoneSimulator
		{F31A3F42-A298-4140-8FE5-C92D38AEDCE4}.Release|iPhoneSimulator.Build.0 = Release|iPhoneSimulator
		{60B288E6-B4CD-4789-965F-EA2EABEC3275}.Ad-Hoc|Any CPU.ActiveCfg = Debug|Any CPU
		{60B288E6-B4CD-4789-965F-EA2EABEC3275}.Ad-Hoc|Any CPU.Build.0 = Debug|Any CPU
		{60B288E6-B4CD-4789-965F-EA2EABEC3275}.Ad-Hoc|iPhone.ActiveCfg = Debug|Any CPU
		{60B288E6-B4CD-4789-965F-EA2EABEC3275}.Ad-Hoc|iPhone.Build.0 = Debug|Any CPU
		{60B288E6-B4CD-4789-965F-EA2EABEC3275}.Ad-Hoc|iPhoneSimulator.ActiveCfg = Debug|Any CPU
		{60B288E6-B4CD-4789-965F-EA2EABEC3275}.Ad-Hoc|iPhoneSimulator.Build.0 = Debug|Any CPU
		{60B288E6-B4CD-4789-965F-EA2EABEC3275}.AppStore|Any CPU.ActiveCfg = Debug|Any CPU
		{60B288E6-B4CD-4789-965F-EA2EABEC3275}.AppStore|Any CPU.Build.0 = Debug|Any CPU
		{60B288E6-B4CD-4789-965F-EA2EABEC3275}.AppStore|iPhone.ActiveCfg = Debug|Any CPU
		{60B288E6-B4CD-4789-965F-EA2EABEC3275}.AppStore|iPhone.Build.0 = Debug|Any CPU
		{60B288E6-B4CD-4789-965F-EA2EABEC3275}.AppStore|iPhoneSimulator.ActiveCfg = Debug|Any CPU
		{60B288E6-B4CD-4789-965F-EA2EABEC3275}.AppStore|iPhoneSimulator.Build.0 = Debug|Any CPU
		{60B288E6-B4CD-4789-965F-EA2EABEC3275}.Debug|Any CPU.ActiveCfg = Debug|Any CPU
		{60B288E6-B4CD-4789-965F-EA2EABEC3275}.Debug|Any CPU.Build.0 = Debug|Any CPU
		{60B288E6-B4CD-4789-965F-EA2EABEC3275}.Debug|iPhone.ActiveCfg = Debug|Any CPU
		{60B288E6-B4CD-4789-965F-EA2EABEC3275}.Debug|iPhone.Build.0 = Debug|Any CPU
		{60B288E6-B4CD-4789-965F-EA2EABEC3275}.Debug|iPhoneSimulator.ActiveCfg = Debug|Any CPU
		{60B288E6-B4CD-4789-965F-EA2EABEC3275}.Debug|iPhoneSimulator.Build.0 = Debug|Any CPU
		{60B288E6-B4CD-4789-965F-EA2EABEC3275}.Release|Any CPU.ActiveCfg = Release|Any CPU
		{60B288E6-B4CD-4789-965F-EA2EABEC3275}.Release|Any CPU.Build.0 = Release|Any CPU
		{60B288E6-B4CD-4789-965F-EA2EABEC3275}.Release|iPhone.ActiveCfg = Release|Any CPU
		{60B288E6-B4CD-4789-965F-EA2EABEC3275}.Release|iPhone.Build.0 = Release|Any CPU
		{60B288E6-B4CD-4789-965F-EA2EABEC3275}.Release|iPhoneSimulator.ActiveCfg = Release|Any CPU
		{60B288E6-B4CD-4789-965F-EA2EABEC3275}.Release|iPhoneSimulator.Build.0 = Release|Any CPU
	EndGlobalSection
	GlobalSection(SolutionProperties) = preSolution
		HideSolutionNode = FALSE
	EndGlobalSection
	GlobalSection(NestedProjects) = preSolution
		{AE534CD6-E3E3-46F7-A424-5FD1C52910FF} = {96DD2B83-2ECD-4582-9A64-F35B1AA7FF4A}
		{F31A3F42-A298-4140-8FE5-C92D38AEDCE4} = {96DD2B83-2ECD-4582-9A64-F35B1AA7FF4A}
		{60B288E6-B4CD-4789-965F-EA2EABEC3275} = {96DD2B83-2ECD-4582-9A64-F35B1AA7FF4A}
	EndGlobalSection
	GlobalSection(ExtensibilityGlobals) = postSolution
		SolutionGuid = {59356427-F3D0-478D-8583-A93B86498774}
	EndGlobalSection
EndGlobal
